// !$*UTF8*$!
{
	archiveVersion = 1;
	classes = {
	};
	objectVersion = 51;
	objects = {

/* Begin PBXBuildFile section */
		52060A53A2B0CA54835BA2DC /* Pods_ground.framework in Frameworks */ = {isa = PBXBuildFile; fileRef = AA35BA1C6025F2BD8AF3A6DB /* Pods_ground.framework */; };
		62AF9CC02306D74E00E3D26B /* AppDelegate.swift in Sources */ = {isa = PBXBuildFile; fileRef = 62AF9CBF2306D74E00E3D26B /* AppDelegate.swift */; };
		62AF9CC52306D74E00E3D26B /* Main.storyboard in Resources */ = {isa = PBXBuildFile; fileRef = 62AF9CC32306D74E00E3D26B /* Main.storyboard */; };
		62AF9CC72306D74F00E3D26B /* Assets.xcassets in Resources */ = {isa = PBXBuildFile; fileRef = 62AF9CC62306D74F00E3D26B /* Assets.xcassets */; };
		62AF9CCA2306D74F00E3D26B /* LaunchScreen.storyboard in Resources */ = {isa = PBXBuildFile; fileRef = 62AF9CC82306D74F00E3D26B /* LaunchScreen.storyboard */; };
		62AF9CD52306D74F00E3D26B /* groundTests.swift in Sources */ = {isa = PBXBuildFile; fileRef = 62AF9CD42306D74F00E3D26B /* groundTests.swift */; };
		62AF9CE02306D74F00E3D26B /* groundUITests.swift in Sources */ = {isa = PBXBuildFile; fileRef = 62AF9CDF2306D74F00E3D26B /* groundUITests.swift */; };
		9F0C3DC623097974003A58D4 /* DebugMode.swift in Sources */ = {isa = PBXBuildFile; fileRef = 9F0C3DC523097974003A58D4 /* DebugMode.swift */; };
		9F0C3DC9230986F6003A58D4 /* BaseViewController.swift in Sources */ = {isa = PBXBuildFile; fileRef = 9F0C3DC8230986F6003A58D4 /* BaseViewController.swift */; };
		9F0C3DCB2309872C003A58D4 /* BaseTableViewCell.swift in Sources */ = {isa = PBXBuildFile; fileRef = 9F0C3DCA2309872C003A58D4 /* BaseTableViewCell.swift */; };
		9F133B13230A045D00399304 /* Localizable.strings in Resources */ = {isa = PBXBuildFile; fileRef = 9F133B15230A045D00399304 /* Localizable.strings */; };
		9F1C5DC32362065F00B48769 /* PostingDetail.storyboard in Resources */ = {isa = PBXBuildFile; fileRef = 9F1C5DC22362065F00B48769 /* PostingDetail.storyboard */; };
		9F1C5DC52362066F00B48769 /* PostingDetailViewController.swift in Sources */ = {isa = PBXBuildFile; fileRef = 9F1C5DC42362066F00B48769 /* PostingDetailViewController.swift */; };
		9F1C5DC82362166000B48769 /* CommonFilterTableViewCell.xib in Resources */ = {isa = PBXBuildFile; fileRef = 9F1C5DC72362166000B48769 /* CommonFilterTableViewCell.xib */; };
		9F1C5DCA2362173F00B48769 /* CommonFilterTableViewCell.swift in Sources */ = {isa = PBXBuildFile; fileRef = 9F1C5DC92362173F00B48769 /* CommonFilterTableViewCell.swift */; };
		9F2A2F7823744970007133A7 /* DropDownView.swift in Sources */ = {isa = PBXBuildFile; fileRef = 9F2A2F7723744970007133A7 /* DropDownView.swift */; };
		9F2A2F8223744B9F007133A7 /* DropDownTitle.swift in Sources */ = {isa = PBXBuildFile; fileRef = 9F2A2F8123744B9F007133A7 /* DropDownTitle.swift */; };
		9F2A2F8423744BAA007133A7 /* DropDownTitle.xib in Resources */ = {isa = PBXBuildFile; fileRef = 9F2A2F8323744BAA007133A7 /* DropDownTitle.xib */; };
		9F2A2F88237459D6007133A7 /* PostingTextTableViewCell.swift in Sources */ = {isa = PBXBuildFile; fileRef = 9F2A2F87237459D6007133A7 /* PostingTextTableViewCell.swift */; };
		9F2A2F8A237459E1007133A7 /* PostingTextTableViewCell.xib in Resources */ = {isa = PBXBuildFile; fileRef = 9F2A2F89237459E1007133A7 /* PostingTextTableViewCell.xib */; };
		9F2A2F8C23745C5F007133A7 /* PostingImageTableViewCell.swift in Sources */ = {isa = PBXBuildFile; fileRef = 9F2A2F8B23745C5F007133A7 /* PostingImageTableViewCell.swift */; };
		9F2A2F8E23745C68007133A7 /* PostingImageTableViewCell.xib in Resources */ = {isa = PBXBuildFile; fileRef = 9F2A2F8D23745C68007133A7 /* PostingImageTableViewCell.xib */; };
		9F621A602332E0EA00A9BD85 /* LaunchScreenViewController.swift in Sources */ = {isa = PBXBuildFile; fileRef = 9F621A5F2332E0EA00A9BD85 /* LaunchScreenViewController.swift */; };
		9F621A642332E10900A9BD85 /* MainViewController.swift in Sources */ = {isa = PBXBuildFile; fileRef = 9F621A632332E10900A9BD85 /* MainViewController.swift */; };
		9F621A662332E23300A9BD85 /* MainTabBarViewController.swift in Sources */ = {isa = PBXBuildFile; fileRef = 9F621A652332E23300A9BD85 /* MainTabBarViewController.swift */; };
		9F621A782332E2C900A9BD85 /* MainMy.storyboard in Resources */ = {isa = PBXBuildFile; fileRef = 9F621A772332E2C900A9BD85 /* MainMy.storyboard */; };
		9F621A7A2332E2D300A9BD85 /* MainBookmark.storyboard in Resources */ = {isa = PBXBuildFile; fileRef = 9F621A792332E2D300A9BD85 /* MainBookmark.storyboard */; };
		9F621A7C2332E2D900A9BD85 /* MainWrite.storyboard in Resources */ = {isa = PBXBuildFile; fileRef = 9F621A7B2332E2D900A9BD85 /* MainWrite.storyboard */; };
		9F621A7E2332E2E000A9BD85 /* MainSearch.storyboard in Resources */ = {isa = PBXBuildFile; fileRef = 9F621A7D2332E2E000A9BD85 /* MainSearch.storyboard */; };
		9F621A802332E2E700A9BD85 /* MainHome.storyboard in Resources */ = {isa = PBXBuildFile; fileRef = 9F621A7F2332E2E700A9BD85 /* MainHome.storyboard */; };
		9F621A822332E2FD00A9BD85 /* MainHomeViewController.swift in Sources */ = {isa = PBXBuildFile; fileRef = 9F621A812332E2FD00A9BD85 /* MainHomeViewController.swift */; };
		9F621A842332E30400A9BD85 /* MainSearchViewController.swift in Sources */ = {isa = PBXBuildFile; fileRef = 9F621A832332E30400A9BD85 /* MainSearchViewController.swift */; };
		9F621A862332E30900A9BD85 /* MainWriteViewController.swift in Sources */ = {isa = PBXBuildFile; fileRef = 9F621A852332E30900A9BD85 /* MainWriteViewController.swift */; };
		9F621A882332E31100A9BD85 /* MainBookmarkViewController.swift in Sources */ = {isa = PBXBuildFile; fileRef = 9F621A872332E31100A9BD85 /* MainBookmarkViewController.swift */; };
		9F621A8A2332E31900A9BD85 /* MainMyViewController.swift in Sources */ = {isa = PBXBuildFile; fileRef = 9F621A892332E31900A9BD85 /* MainMyViewController.swift */; };
		9F621A8C2332E3DD00A9BD85 /* NavigationUtils.swift in Sources */ = {isa = PBXBuildFile; fileRef = 9F621A8B2332E3DD00A9BD85 /* NavigationUtils.swift */; };
		9F81BC75233330A6005AF2C4 /* HomeTopBannerTableViewCell.swift in Sources */ = {isa = PBXBuildFile; fileRef = 9F81BC74233330A6005AF2C4 /* HomeTopBannerTableViewCell.swift */; };
		9F9EE83F237508440068C210 /* DropDownTableViewCell.xib in Resources */ = {isa = PBXBuildFile; fileRef = 9F9EE83E237508440068C210 /* DropDownTableViewCell.xib */; };
		9F9EE84423753CDB0068C210 /* PostingWriteViewController.swift in Sources */ = {isa = PBXBuildFile; fileRef = 9F9EE84323753CDB0068C210 /* PostingWriteViewController.swift */; };
		9F9EE84623753CE30068C210 /* PostingWrite.storyboard in Resources */ = {isa = PBXBuildFile; fileRef = 9F9EE84523753CE30068C210 /* PostingWrite.storyboard */; };
		9F9EE849237553100068C210 /* CommentTableViewCell.swift in Sources */ = {isa = PBXBuildFile; fileRef = 9F9EE848237553100068C210 /* CommentTableViewCell.swift */; };
		9F9EE84B2375531C0068C210 /* CommentTableViewCell.xib in Resources */ = {isa = PBXBuildFile; fileRef = 9F9EE84A2375531C0068C210 /* CommentTableViewCell.xib */; };
		9F9EE84D2375532B0068C210 /* RecommentTableViewCell.swift in Sources */ = {isa = PBXBuildFile; fileRef = 9F9EE84C2375532B0068C210 /* RecommentTableViewCell.swift */; };
		9F9EE84F237553310068C210 /* RecommentTableViewCell.xib in Resources */ = {isa = PBXBuildFile; fileRef = 9F9EE84E237553310068C210 /* RecommentTableViewCell.xib */; };
		9F9EE85123755E710068C210 /* PostingDetailTitleTableViewCell.swift in Sources */ = {isa = PBXBuildFile; fileRef = 9F9EE85023755E710068C210 /* PostingDetailTitleTableViewCell.swift */; };
		9F9EE85323755E800068C210 /* PostingDetailTextTableViewCell.swift in Sources */ = {isa = PBXBuildFile; fileRef = 9F9EE85223755E800068C210 /* PostingDetailTextTableViewCell.swift */; };
		9F9EE85523755E8D0068C210 /* PostingDetailImageTableViewCell.swift in Sources */ = {isa = PBXBuildFile; fileRef = 9F9EE85423755E8D0068C210 /* PostingDetailImageTableViewCell.swift */; };
		9F9EE85723755EDA0068C210 /* PostingDetailInfoTableViewCell.swift in Sources */ = {isa = PBXBuildFile; fileRef = 9F9EE85623755EDA0068C210 /* PostingDetailInfoTableViewCell.swift */; };
		9FA0D363235EF8A800D48226 /* NoticeViewController.swift in Sources */ = {isa = PBXBuildFile; fileRef = 9FA0D362235EF8A800D48226 /* NoticeViewController.swift */; };
		9FA0D365235EFBFC00D48226 /* TNavigationBar.swift in Sources */ = {isa = PBXBuildFile; fileRef = 9FA0D364235EFBFC00D48226 /* TNavigationBar.swift */; };
		9FA0D367235F797100D48226 /* Notice.storyboard in Resources */ = {isa = PBXBuildFile; fileRef = 9FA0D366235F797100D48226 /* Notice.storyboard */; };
		9FA0D36A235FA71100D48226 /* NoticeHeaderTableViewCell.swift in Sources */ = {isa = PBXBuildFile; fileRef = 9FA0D369235FA71100D48226 /* NoticeHeaderTableViewCell.swift */; };
		9FA0D36C235FA73200D48226 /* NoticeTableViewCell.swift in Sources */ = {isa = PBXBuildFile; fileRef = 9FA0D36B235FA73200D48226 /* NoticeTableViewCell.swift */; };
		9FA7F38A23156A8E0089A2E8 /* AVPlayerExtension.swift in Sources */ = {isa = PBXBuildFile; fileRef = 9FA7F37D23156A8D0089A2E8 /* AVPlayerExtension.swift */; };
		9FA7F38B23156A8E0089A2E8 /* CGFloatExtension.swift in Sources */ = {isa = PBXBuildFile; fileRef = 9FA7F37E23156A8D0089A2E8 /* CGFloatExtension.swift */; };
		9FA7F38C23156A8E0089A2E8 /* IntExtension.swift in Sources */ = {isa = PBXBuildFile; fileRef = 9FA7F37F23156A8D0089A2E8 /* IntExtension.swift */; };
		9FA7F38D23156A8E0089A2E8 /* EncodableExtension.swift in Sources */ = {isa = PBXBuildFile; fileRef = 9FA7F38023156A8D0089A2E8 /* EncodableExtension.swift */; };
		9FA7F38E23156A8E0089A2E8 /* DoubleExtension.swift in Sources */ = {isa = PBXBuildFile; fileRef = 9FA7F38123156A8E0089A2E8 /* DoubleExtension.swift */; };
		9FA7F39123156A8E0089A2E8 /* UIApplicationExtension.swift in Sources */ = {isa = PBXBuildFile; fileRef = 9FA7F38423156A8E0089A2E8 /* UIApplicationExtension.swift */; };
		9FA7F39223156A8E0089A2E8 /* DateExtension.swift in Sources */ = {isa = PBXBuildFile; fileRef = 9FA7F38523156A8E0089A2E8 /* DateExtension.swift */; };
		9FA7F39323156A8E0089A2E8 /* UserDefaultsExtension.swift in Sources */ = {isa = PBXBuildFile; fileRef = 9FA7F38623156A8E0089A2E8 /* UserDefaultsExtension.swift */; };
		9FA7F39523156A8E0089A2E8 /* URLExtension.swift in Sources */ = {isa = PBXBuildFile; fileRef = 9FA7F38823156A8E0089A2E8 /* URLExtension.swift */; };
		9FA7F39623156A8E0089A2E8 /* DeviceExtension.swift in Sources */ = {isa = PBXBuildFile; fileRef = 9FA7F38923156A8E0089A2E8 /* DeviceExtension.swift */; };
		9FA7F39F23156AA20089A2E8 /* EncodingDecodingExtension.swift in Sources */ = {isa = PBXBuildFile; fileRef = 9FA7F39E23156AA20089A2E8 /* EncodingDecodingExtension.swift */; };
		9FA7F3A023156AA20089A2E8 /* Base62.swift in Sources */ = {isa = PBXBuildFile; fileRef = 9FA7F39B23156AA10089A2E8 /* Base62.swift */; };
		9FA7F3A123156AA20089A2E8 /* FormatExtension.swift in Sources */ = {isa = PBXBuildFile; fileRef = 9FA7F39D23156AA10089A2E8 /* FormatExtension.swift */; };
		9FA7F3A223156AA20089A2E8 /* StringExtension.swift in Sources */ = {isa = PBXBuildFile; fileRef = 9FA7F39C23156AA10089A2E8 /* StringExtension.swift */; };
		9FA7F3A823156AE80089A2E8 /* AnimationExtension.swift in Sources */ = {isa = PBXBuildFile; fileRef = 9FA7F3A523156AE80089A2E8 /* AnimationExtension.swift */; };
		9FA7F3A923156AE80089A2E8 /* ViewExtension.swift in Sources */ = {isa = PBXBuildFile; fileRef = 9FA7F3A623156AE80089A2E8 /* ViewExtension.swift */; };
		9FA7F3AA23156AE80089A2E8 /* UITableViewExtension.swift in Sources */ = {isa = PBXBuildFile; fileRef = 9FA7F3A723156AE80089A2E8 /* UITableViewExtension.swift */; };
		9FA7F3BA23156AFE0089A2E8 /* ClipBoardUtils.swift in Sources */ = {isa = PBXBuildFile; fileRef = 9FA7F3B523156AFE0089A2E8 /* ClipBoardUtils.swift */; };
		9FA7F3BB23156AFE0089A2E8 /* SystemUtils.swift in Sources */ = {isa = PBXBuildFile; fileRef = 9FA7F3B623156AFE0089A2E8 /* SystemUtils.swift */; };
		9FA7F3BC23156AFE0089A2E8 /* Color.swift in Sources */ = {isa = PBXBuildFile; fileRef = 9FA7F3B723156AFE0089A2E8 /* Color.swift */; };
		9FA7F3BD23156AFE0089A2E8 /* JsonUtils.swift in Sources */ = {isa = PBXBuildFile; fileRef = 9FA7F3B823156AFE0089A2E8 /* JsonUtils.swift */; };
		9FA7F3BE23156AFE0089A2E8 /* CustomUserDefaults.swift in Sources */ = {isa = PBXBuildFile; fileRef = 9FA7F3B923156AFE0089A2E8 /* CustomUserDefaults.swift */; };
		9FA7F3C423156B2B0089A2E8 /* TLabel.swift in Sources */ = {isa = PBXBuildFile; fileRef = 9FA7F3C223156B2B0089A2E8 /* TLabel.swift */; };
		9FA7F3C523156B2B0089A2E8 /* TImageView.swift in Sources */ = {isa = PBXBuildFile; fileRef = 9FA7F3C323156B2B0089A2E8 /* TImageView.swift */; };
		9FA7F3C7231575DF0089A2E8 /* TToast.swift in Sources */ = {isa = PBXBuildFile; fileRef = 9FA7F3C6231575DF0089A2E8 /* TToast.swift */; };
		9FD3C8CE237480EF00A06AA4 /* DropDownTableViewCell.swift in Sources */ = {isa = PBXBuildFile; fileRef = 9FD3C8CD237480EF00A06AA4 /* DropDownTableViewCell.swift */; };
		9FD3C8D22374940200A06AA4 /* DropDownView.xib in Resources */ = {isa = PBXBuildFile; fileRef = 9FD3C8D12374940200A06AA4 /* DropDownView.xib */; };
		9FF8D68D2361214000D3D0B2 /* GroundImage.swift in Sources */ = {isa = PBXBuildFile; fileRef = 9FF8D68C2361214000D3D0B2 /* GroundImage.swift */; };
/* End PBXBuildFile section */

/* Begin PBXContainerItemProxy section */
		62AF9CD12306D74F00E3D26B /* PBXContainerItemProxy */ = {
			isa = PBXContainerItemProxy;
			containerPortal = 62AF9CB42306D74E00E3D26B /* Project object */;
			proxyType = 1;
			remoteGlobalIDString = 62AF9CBB2306D74E00E3D26B;
			remoteInfo = ground;
		};
		62AF9CDC2306D74F00E3D26B /* PBXContainerItemProxy */ = {
			isa = PBXContainerItemProxy;
			containerPortal = 62AF9CB42306D74E00E3D26B /* Project object */;
			proxyType = 1;
			remoteGlobalIDString = 62AF9CBB2306D74E00E3D26B;
			remoteInfo = ground;
		};
/* End PBXContainerItemProxy section */

/* Begin PBXFileReference section */
		62AF9CBC2306D74E00E3D26B /* ground.app */ = {isa = PBXFileReference; explicitFileType = wrapper.application; includeInIndex = 0; path = ground.app; sourceTree = BUILT_PRODUCTS_DIR; };
		62AF9CBF2306D74E00E3D26B /* AppDelegate.swift */ = {isa = PBXFileReference; lastKnownFileType = sourcecode.swift; path = AppDelegate.swift; sourceTree = "<group>"; };
		62AF9CC42306D74E00E3D26B /* Base */ = {isa = PBXFileReference; lastKnownFileType = file.storyboard; name = Base; path = Base.lproj/Main.storyboard; sourceTree = "<group>"; };
		62AF9CC62306D74F00E3D26B /* Assets.xcassets */ = {isa = PBXFileReference; lastKnownFileType = folder.assetcatalog; path = Assets.xcassets; sourceTree = "<group>"; };
		62AF9CC92306D74F00E3D26B /* Base */ = {isa = PBXFileReference; lastKnownFileType = file.storyboard; name = Base; path = Base.lproj/LaunchScreen.storyboard; sourceTree = "<group>"; };
		62AF9CCB2306D74F00E3D26B /* Info.plist */ = {isa = PBXFileReference; lastKnownFileType = text.plist.xml; path = Info.plist; sourceTree = "<group>"; };
		62AF9CD02306D74F00E3D26B /* groundTests.xctest */ = {isa = PBXFileReference; explicitFileType = wrapper.cfbundle; includeInIndex = 0; path = groundTests.xctest; sourceTree = BUILT_PRODUCTS_DIR; };
		62AF9CD42306D74F00E3D26B /* groundTests.swift */ = {isa = PBXFileReference; lastKnownFileType = sourcecode.swift; path = groundTests.swift; sourceTree = "<group>"; };
		62AF9CD62306D74F00E3D26B /* Info.plist */ = {isa = PBXFileReference; lastKnownFileType = text.plist.xml; path = Info.plist; sourceTree = "<group>"; };
		62AF9CDB2306D74F00E3D26B /* groundUITests.xctest */ = {isa = PBXFileReference; explicitFileType = wrapper.cfbundle; includeInIndex = 0; path = groundUITests.xctest; sourceTree = BUILT_PRODUCTS_DIR; };
		62AF9CDF2306D74F00E3D26B /* groundUITests.swift */ = {isa = PBXFileReference; lastKnownFileType = sourcecode.swift; path = groundUITests.swift; sourceTree = "<group>"; };
		62AF9CE12306D74F00E3D26B /* Info.plist */ = {isa = PBXFileReference; lastKnownFileType = text.plist.xml; path = Info.plist; sourceTree = "<group>"; };
		9F0C3DC523097974003A58D4 /* DebugMode.swift */ = {isa = PBXFileReference; lastKnownFileType = sourcecode.swift; path = DebugMode.swift; sourceTree = "<group>"; };
		9F0C3DC8230986F6003A58D4 /* BaseViewController.swift */ = {isa = PBXFileReference; lastKnownFileType = sourcecode.swift; path = BaseViewController.swift; sourceTree = "<group>"; };
		9F0C3DCA2309872C003A58D4 /* BaseTableViewCell.swift */ = {isa = PBXFileReference; lastKnownFileType = sourcecode.swift; path = BaseTableViewCell.swift; sourceTree = "<group>"; };
		9F133B14230A045D00399304 /* en */ = {isa = PBXFileReference; lastKnownFileType = text.plist.strings; name = en; path = en.lproj/Localizable.strings; sourceTree = "<group>"; };
		9F133B16230A049100399304 /* ko */ = {isa = PBXFileReference; lastKnownFileType = text.plist.strings; name = ko; path = ko.lproj/Localizable.strings; sourceTree = "<group>"; };
		9F1C5DC22362065F00B48769 /* PostingDetail.storyboard */ = {isa = PBXFileReference; lastKnownFileType = file.storyboard; path = PostingDetail.storyboard; sourceTree = "<group>"; };
		9F1C5DC42362066F00B48769 /* PostingDetailViewController.swift */ = {isa = PBXFileReference; lastKnownFileType = sourcecode.swift; path = PostingDetailViewController.swift; sourceTree = "<group>"; };
		9F1C5DC72362166000B48769 /* CommonFilterTableViewCell.xib */ = {isa = PBXFileReference; lastKnownFileType = file.xib; path = CommonFilterTableViewCell.xib; sourceTree = "<group>"; };
		9F1C5DC92362173F00B48769 /* CommonFilterTableViewCell.swift */ = {isa = PBXFileReference; lastKnownFileType = sourcecode.swift; path = CommonFilterTableViewCell.swift; sourceTree = "<group>"; };
		9F2A2F7723744970007133A7 /* DropDownView.swift */ = {isa = PBXFileReference; lastKnownFileType = sourcecode.swift; path = DropDownView.swift; sourceTree = "<group>"; };
		9F2A2F8123744B9F007133A7 /* DropDownTitle.swift */ = {isa = PBXFileReference; lastKnownFileType = sourcecode.swift; path = DropDownTitle.swift; sourceTree = "<group>"; };
		9F2A2F8323744BAA007133A7 /* DropDownTitle.xib */ = {isa = PBXFileReference; lastKnownFileType = file.xib; path = DropDownTitle.xib; sourceTree = "<group>"; };
		9F2A2F87237459D6007133A7 /* PostingTextTableViewCell.swift */ = {isa = PBXFileReference; lastKnownFileType = sourcecode.swift; path = PostingTextTableViewCell.swift; sourceTree = "<group>"; };
		9F2A2F89237459E1007133A7 /* PostingTextTableViewCell.xib */ = {isa = PBXFileReference; lastKnownFileType = file.xib; path = PostingTextTableViewCell.xib; sourceTree = "<group>"; };
		9F2A2F8B23745C5F007133A7 /* PostingImageTableViewCell.swift */ = {isa = PBXFileReference; lastKnownFileType = sourcecode.swift; path = PostingImageTableViewCell.swift; sourceTree = "<group>"; };
		9F2A2F8D23745C68007133A7 /* PostingImageTableViewCell.xib */ = {isa = PBXFileReference; lastKnownFileType = file.xib; path = PostingImageTableViewCell.xib; sourceTree = "<group>"; };
		9F621A5F2332E0EA00A9BD85 /* LaunchScreenViewController.swift */ = {isa = PBXFileReference; lastKnownFileType = sourcecode.swift; path = LaunchScreenViewController.swift; sourceTree = "<group>"; };
		9F621A632332E10900A9BD85 /* MainViewController.swift */ = {isa = PBXFileReference; lastKnownFileType = sourcecode.swift; path = MainViewController.swift; sourceTree = "<group>"; };
		9F621A652332E23300A9BD85 /* MainTabBarViewController.swift */ = {isa = PBXFileReference; lastKnownFileType = sourcecode.swift; path = MainTabBarViewController.swift; sourceTree = "<group>"; };
		9F621A772332E2C900A9BD85 /* MainMy.storyboard */ = {isa = PBXFileReference; lastKnownFileType = file.storyboard; path = MainMy.storyboard; sourceTree = "<group>"; };
		9F621A792332E2D300A9BD85 /* MainBookmark.storyboard */ = {isa = PBXFileReference; lastKnownFileType = file.storyboard; path = MainBookmark.storyboard; sourceTree = "<group>"; };
		9F621A7B2332E2D900A9BD85 /* MainWrite.storyboard */ = {isa = PBXFileReference; lastKnownFileType = file.storyboard; path = MainWrite.storyboard; sourceTree = "<group>"; };
		9F621A7D2332E2E000A9BD85 /* MainSearch.storyboard */ = {isa = PBXFileReference; lastKnownFileType = file.storyboard; path = MainSearch.storyboard; sourceTree = "<group>"; };
		9F621A7F2332E2E700A9BD85 /* MainHome.storyboard */ = {isa = PBXFileReference; lastKnownFileType = file.storyboard; path = MainHome.storyboard; sourceTree = "<group>"; };
		9F621A812332E2FD00A9BD85 /* MainHomeViewController.swift */ = {isa = PBXFileReference; lastKnownFileType = sourcecode.swift; path = MainHomeViewController.swift; sourceTree = "<group>"; };
		9F621A832332E30400A9BD85 /* MainSearchViewController.swift */ = {isa = PBXFileReference; lastKnownFileType = sourcecode.swift; path = MainSearchViewController.swift; sourceTree = "<group>"; };
		9F621A852332E30900A9BD85 /* MainWriteViewController.swift */ = {isa = PBXFileReference; lastKnownFileType = sourcecode.swift; path = MainWriteViewController.swift; sourceTree = "<group>"; };
		9F621A872332E31100A9BD85 /* MainBookmarkViewController.swift */ = {isa = PBXFileReference; lastKnownFileType = sourcecode.swift; path = MainBookmarkViewController.swift; sourceTree = "<group>"; };
		9F621A892332E31900A9BD85 /* MainMyViewController.swift */ = {isa = PBXFileReference; lastKnownFileType = sourcecode.swift; path = MainMyViewController.swift; sourceTree = "<group>"; };
		9F621A8B2332E3DD00A9BD85 /* NavigationUtils.swift */ = {isa = PBXFileReference; lastKnownFileType = sourcecode.swift; path = NavigationUtils.swift; sourceTree = "<group>"; };
		9F81BC74233330A6005AF2C4 /* HomeTopBannerTableViewCell.swift */ = {isa = PBXFileReference; lastKnownFileType = sourcecode.swift; path = HomeTopBannerTableViewCell.swift; sourceTree = "<group>"; };
		9F9EE83E237508440068C210 /* DropDownTableViewCell.xib */ = {isa = PBXFileReference; lastKnownFileType = file.xib; path = DropDownTableViewCell.xib; sourceTree = "<group>"; };
		9F9EE84323753CDB0068C210 /* PostingWriteViewController.swift */ = {isa = PBXFileReference; lastKnownFileType = sourcecode.swift; path = PostingWriteViewController.swift; sourceTree = "<group>"; };
		9F9EE84523753CE30068C210 /* PostingWrite.storyboard */ = {isa = PBXFileReference; lastKnownFileType = file.storyboard; path = PostingWrite.storyboard; sourceTree = "<group>"; };
		9F9EE848237553100068C210 /* CommentTableViewCell.swift */ = {isa = PBXFileReference; lastKnownFileType = sourcecode.swift; path = CommentTableViewCell.swift; sourceTree = "<group>"; };
		9F9EE84A2375531C0068C210 /* CommentTableViewCell.xib */ = {isa = PBXFileReference; lastKnownFileType = file.xib; path = CommentTableViewCell.xib; sourceTree = "<group>"; };
		9F9EE84C2375532B0068C210 /* RecommentTableViewCell.swift */ = {isa = PBXFileReference; lastKnownFileType = sourcecode.swift; path = RecommentTableViewCell.swift; sourceTree = "<group>"; };
		9F9EE84E237553310068C210 /* RecommentTableViewCell.xib */ = {isa = PBXFileReference; lastKnownFileType = file.xib; path = RecommentTableViewCell.xib; sourceTree = "<group>"; };
		9F9EE85023755E710068C210 /* PostingDetailTitleTableViewCell.swift */ = {isa = PBXFileReference; lastKnownFileType = sourcecode.swift; path = PostingDetailTitleTableViewCell.swift; sourceTree = "<group>"; };
		9F9EE85223755E800068C210 /* PostingDetailTextTableViewCell.swift */ = {isa = PBXFileReference; lastKnownFileType = sourcecode.swift; path = PostingDetailTextTableViewCell.swift; sourceTree = "<group>"; };
		9F9EE85423755E8D0068C210 /* PostingDetailImageTableViewCell.swift */ = {isa = PBXFileReference; lastKnownFileType = sourcecode.swift; path = PostingDetailImageTableViewCell.swift; sourceTree = "<group>"; };
		9F9EE85623755EDA0068C210 /* PostingDetailInfoTableViewCell.swift */ = {isa = PBXFileReference; lastKnownFileType = sourcecode.swift; path = PostingDetailInfoTableViewCell.swift; sourceTree = "<group>"; };
		9FA0D362235EF8A800D48226 /* NoticeViewController.swift */ = {isa = PBXFileReference; lastKnownFileType = sourcecode.swift; path = NoticeViewController.swift; sourceTree = "<group>"; };
		9FA0D364235EFBFC00D48226 /* TNavigationBar.swift */ = {isa = PBXFileReference; lastKnownFileType = sourcecode.swift; path = TNavigationBar.swift; sourceTree = "<group>"; };
		9FA0D366235F797100D48226 /* Notice.storyboard */ = {isa = PBXFileReference; lastKnownFileType = file.storyboard; path = Notice.storyboard; sourceTree = "<group>"; };
		9FA0D369235FA71100D48226 /* NoticeHeaderTableViewCell.swift */ = {isa = PBXFileReference; lastKnownFileType = sourcecode.swift; path = NoticeHeaderTableViewCell.swift; sourceTree = "<group>"; };
		9FA0D36B235FA73200D48226 /* NoticeTableViewCell.swift */ = {isa = PBXFileReference; lastKnownFileType = sourcecode.swift; path = NoticeTableViewCell.swift; sourceTree = "<group>"; };
		9FA7F37C23156A5E0089A2E8 /* ground-Bridging-Header.h */ = {isa = PBXFileReference; lastKnownFileType = sourcecode.c.h; path = "ground-Bridging-Header.h"; sourceTree = "<group>"; };
		9FA7F37D23156A8D0089A2E8 /* AVPlayerExtension.swift */ = {isa = PBXFileReference; fileEncoding = 4; lastKnownFileType = sourcecode.swift; path = AVPlayerExtension.swift; sourceTree = "<group>"; };
		9FA7F37E23156A8D0089A2E8 /* CGFloatExtension.swift */ = {isa = PBXFileReference; fileEncoding = 4; lastKnownFileType = sourcecode.swift; path = CGFloatExtension.swift; sourceTree = "<group>"; };
		9FA7F37F23156A8D0089A2E8 /* IntExtension.swift */ = {isa = PBXFileReference; fileEncoding = 4; lastKnownFileType = sourcecode.swift; path = IntExtension.swift; sourceTree = "<group>"; };
		9FA7F38023156A8D0089A2E8 /* EncodableExtension.swift */ = {isa = PBXFileReference; fileEncoding = 4; lastKnownFileType = sourcecode.swift; path = EncodableExtension.swift; sourceTree = "<group>"; };
		9FA7F38123156A8E0089A2E8 /* DoubleExtension.swift */ = {isa = PBXFileReference; fileEncoding = 4; lastKnownFileType = sourcecode.swift; path = DoubleExtension.swift; sourceTree = "<group>"; };
		9FA7F38423156A8E0089A2E8 /* UIApplicationExtension.swift */ = {isa = PBXFileReference; fileEncoding = 4; lastKnownFileType = sourcecode.swift; path = UIApplicationExtension.swift; sourceTree = "<group>"; };
		9FA7F38523156A8E0089A2E8 /* DateExtension.swift */ = {isa = PBXFileReference; fileEncoding = 4; lastKnownFileType = sourcecode.swift; path = DateExtension.swift; sourceTree = "<group>"; };
		9FA7F38623156A8E0089A2E8 /* UserDefaultsExtension.swift */ = {isa = PBXFileReference; fileEncoding = 4; lastKnownFileType = sourcecode.swift; path = UserDefaultsExtension.swift; sourceTree = "<group>"; };
		9FA7F38823156A8E0089A2E8 /* URLExtension.swift */ = {isa = PBXFileReference; fileEncoding = 4; lastKnownFileType = sourcecode.swift; path = URLExtension.swift; sourceTree = "<group>"; };
		9FA7F38923156A8E0089A2E8 /* DeviceExtension.swift */ = {isa = PBXFileReference; fileEncoding = 4; lastKnownFileType = sourcecode.swift; path = DeviceExtension.swift; sourceTree = "<group>"; };
		9FA7F39823156A940089A2E8 /* AnyDecodable.swift */ = {isa = PBXFileReference; lastKnownFileType = sourcecode.swift; path = AnyDecodable.swift; sourceTree = "<group>"; };
		9FA7F39923156A940089A2E8 /* AnyCodable.swift */ = {isa = PBXFileReference; lastKnownFileType = sourcecode.swift; path = AnyCodable.swift; sourceTree = "<group>"; };
		9FA7F39A23156A940089A2E8 /* AnyEncodable.swift */ = {isa = PBXFileReference; lastKnownFileType = sourcecode.swift; path = AnyEncodable.swift; sourceTree = "<group>"; };
		9FA7F39B23156AA10089A2E8 /* Base62.swift */ = {isa = PBXFileReference; lastKnownFileType = sourcecode.swift; path = Base62.swift; sourceTree = "<group>"; };
		9FA7F39C23156AA10089A2E8 /* StringExtension.swift */ = {isa = PBXFileReference; lastKnownFileType = sourcecode.swift; path = StringExtension.swift; sourceTree = "<group>"; };
		9FA7F39D23156AA10089A2E8 /* FormatExtension.swift */ = {isa = PBXFileReference; lastKnownFileType = sourcecode.swift; path = FormatExtension.swift; sourceTree = "<group>"; };
		9FA7F39E23156AA20089A2E8 /* EncodingDecodingExtension.swift */ = {isa = PBXFileReference; lastKnownFileType = sourcecode.swift; path = EncodingDecodingExtension.swift; sourceTree = "<group>"; };
		9FA7F3A523156AE80089A2E8 /* AnimationExtension.swift */ = {isa = PBXFileReference; fileEncoding = 4; lastKnownFileType = sourcecode.swift; path = AnimationExtension.swift; sourceTree = "<group>"; };
		9FA7F3A623156AE80089A2E8 /* ViewExtension.swift */ = {isa = PBXFileReference; fileEncoding = 4; lastKnownFileType = sourcecode.swift; path = ViewExtension.swift; sourceTree = "<group>"; };
		9FA7F3A723156AE80089A2E8 /* UITableViewExtension.swift */ = {isa = PBXFileReference; fileEncoding = 4; lastKnownFileType = sourcecode.swift; path = UITableViewExtension.swift; sourceTree = "<group>"; };
		9FA7F3B523156AFE0089A2E8 /* ClipBoardUtils.swift */ = {isa = PBXFileReference; fileEncoding = 4; lastKnownFileType = sourcecode.swift; path = ClipBoardUtils.swift; sourceTree = "<group>"; };
		9FA7F3B623156AFE0089A2E8 /* SystemUtils.swift */ = {isa = PBXFileReference; fileEncoding = 4; lastKnownFileType = sourcecode.swift; path = SystemUtils.swift; sourceTree = "<group>"; };
		9FA7F3B723156AFE0089A2E8 /* Color.swift */ = {isa = PBXFileReference; fileEncoding = 4; lastKnownFileType = sourcecode.swift; path = Color.swift; sourceTree = "<group>"; };
		9FA7F3B823156AFE0089A2E8 /* JsonUtils.swift */ = {isa = PBXFileReference; fileEncoding = 4; lastKnownFileType = sourcecode.swift; path = JsonUtils.swift; sourceTree = "<group>"; };
		9FA7F3B923156AFE0089A2E8 /* CustomUserDefaults.swift */ = {isa = PBXFileReference; fileEncoding = 4; lastKnownFileType = sourcecode.swift; path = CustomUserDefaults.swift; sourceTree = "<group>"; };
		9FA7F3C223156B2B0089A2E8 /* TLabel.swift */ = {isa = PBXFileReference; fileEncoding = 4; lastKnownFileType = sourcecode.swift; path = TLabel.swift; sourceTree = "<group>"; };
		9FA7F3C323156B2B0089A2E8 /* TImageView.swift */ = {isa = PBXFileReference; fileEncoding = 4; lastKnownFileType = sourcecode.swift; path = TImageView.swift; sourceTree = "<group>"; };
		9FA7F3C6231575DF0089A2E8 /* TToast.swift */ = {isa = PBXFileReference; lastKnownFileType = sourcecode.swift; path = TToast.swift; sourceTree = "<group>"; };
		9FD3C8CD237480EF00A06AA4 /* DropDownTableViewCell.swift */ = {isa = PBXFileReference; lastKnownFileType = sourcecode.swift; path = DropDownTableViewCell.swift; sourceTree = "<group>"; };
		9FD3C8D12374940200A06AA4 /* DropDownView.xib */ = {isa = PBXFileReference; lastKnownFileType = file.xib; path = DropDownView.xib; sourceTree = "<group>"; };
		9FF8D68C2361214000D3D0B2 /* GroundImage.swift */ = {isa = PBXFileReference; lastKnownFileType = sourcecode.swift; path = GroundImage.swift; sourceTree = "<group>"; };
		A3F14358CF1651F1A5986CA7 /* Pods-ground.release.xcconfig */ = {isa = PBXFileReference; includeInIndex = 1; lastKnownFileType = text.xcconfig; name = "Pods-ground.release.xcconfig"; path = "Target Support Files/Pods-ground/Pods-ground.release.xcconfig"; sourceTree = "<group>"; };
		AA35BA1C6025F2BD8AF3A6DB /* Pods_ground.framework */ = {isa = PBXFileReference; explicitFileType = wrapper.framework; includeInIndex = 0; path = Pods_ground.framework; sourceTree = BUILT_PRODUCTS_DIR; };
		E30CDC97A1B4709239BDD2C7 /* Pods-ground.debug.xcconfig */ = {isa = PBXFileReference; includeInIndex = 1; lastKnownFileType = text.xcconfig; name = "Pods-ground.debug.xcconfig"; path = "Target Support Files/Pods-ground/Pods-ground.debug.xcconfig"; sourceTree = "<group>"; };
/* End PBXFileReference section */

/* Begin PBXFrameworksBuildPhase section */
		62AF9CB92306D74E00E3D26B /* Frameworks */ = {
			isa = PBXFrameworksBuildPhase;
			buildActionMask = 2147483647;
			files = (
				52060A53A2B0CA54835BA2DC /* Pods_ground.framework in Frameworks */,
			);
			runOnlyForDeploymentPostprocessing = 0;
		};
		62AF9CCD2306D74F00E3D26B /* Frameworks */ = {
			isa = PBXFrameworksBuildPhase;
			buildActionMask = 2147483647;
			files = (
			);
			runOnlyForDeploymentPostprocessing = 0;
		};
		62AF9CD82306D74F00E3D26B /* Frameworks */ = {
			isa = PBXFrameworksBuildPhase;
			buildActionMask = 2147483647;
			files = (
			);
			runOnlyForDeploymentPostprocessing = 0;
		};
/* End PBXFrameworksBuildPhase section */

/* Begin PBXGroup section */
		6037900AB3928888DF2DC6B9 /* Pods */ = {
			isa = PBXGroup;
			children = (
				E30CDC97A1B4709239BDD2C7 /* Pods-ground.debug.xcconfig */,
				A3F14358CF1651F1A5986CA7 /* Pods-ground.release.xcconfig */,
			);
			path = Pods;
			sourceTree = "<group>";
		};
		62AF9CB32306D74E00E3D26B = {
			isa = PBXGroup;
			children = (
				62AF9CBE2306D74E00E3D26B /* ground */,
				62AF9CD32306D74F00E3D26B /* groundTests */,
				62AF9CDE2306D74F00E3D26B /* groundUITests */,
				62AF9CBD2306D74E00E3D26B /* Products */,
				6037900AB3928888DF2DC6B9 /* Pods */,
				F3909B09F6B1E329E5BA1B41 /* Frameworks */,
			);
			sourceTree = "<group>";
		};
		62AF9CBD2306D74E00E3D26B /* Products */ = {
			isa = PBXGroup;
			children = (
				62AF9CBC2306D74E00E3D26B /* ground.app */,
				62AF9CD02306D74F00E3D26B /* groundTests.xctest */,
				62AF9CDB2306D74F00E3D26B /* groundUITests.xctest */,
			);
			name = Products;
			sourceTree = "<group>";
		};
		62AF9CBE2306D74E00E3D26B /* ground */ = {
			isa = PBXGroup;
			children = (
				9F0C3DC023097752003A58D4 /* src */,
				62AF9CC62306D74F00E3D26B /* Assets.xcassets */,
				9F0C3DC12309784B003A58D4 /* Supporting File */,
			);
			path = ground;
			sourceTree = "<group>";
		};
		62AF9CD32306D74F00E3D26B /* groundTests */ = {
			isa = PBXGroup;
			children = (
				62AF9CD42306D74F00E3D26B /* groundTests.swift */,
				62AF9CD62306D74F00E3D26B /* Info.plist */,
			);
			path = groundTests;
			sourceTree = "<group>";
		};
		62AF9CDE2306D74F00E3D26B /* groundUITests */ = {
			isa = PBXGroup;
			children = (
				62AF9CDF2306D74F00E3D26B /* groundUITests.swift */,
				62AF9CE12306D74F00E3D26B /* Info.plist */,
			);
			path = groundUITests;
			sourceTree = "<group>";
		};
		9F0C3DC023097752003A58D4 /* src */ = {
			isa = PBXGroup;
			children = (
				9F0C3DC223097947003A58D4 /* application */,
				9F0C3DC7230986D1003A58D4 /* base */,
				9F0C3DCC23098755003A58D4 /* extension */,
				9F16A40B230AC33D00466301 /* utils */,
				9F2A2F8023744B8C007133A7 /* views */,
				9FA7F3C123156B1F0089A2E8 /* widget */,
				9F621A5A2332DF7200A9BD85 /* ui */,
				9F1C5DC62362163800B48769 /* rows */,
			);
			path = src;
			sourceTree = "<group>";
		};
		9F0C3DC12309784B003A58D4 /* Supporting File */ = {
			isa = PBXGroup;
			children = (
				9FA7F37C23156A5E0089A2E8 /* ground-Bridging-Header.h */,
				62AF9CCB2306D74F00E3D26B /* Info.plist */,
				9F133B15230A045D00399304 /* Localizable.strings */,
			);
			path = "Supporting File";
			sourceTree = "<group>";
		};
		9F0C3DC223097947003A58D4 /* application */ = {
			isa = PBXGroup;
			children = (
				62AF9CBF2306D74E00E3D26B /* AppDelegate.swift */,
				9F0C3DC523097974003A58D4 /* DebugMode.swift */,
			);
			path = application;
			sourceTree = "<group>";
		};
		9F0C3DC7230986D1003A58D4 /* base */ = {
			isa = PBXGroup;
			children = (
				9F0C3DC8230986F6003A58D4 /* BaseViewController.swift */,
				9F0C3DCA2309872C003A58D4 /* BaseTableViewCell.swift */,
			);
			path = base;
			sourceTree = "<group>";
		};
		9F0C3DCC23098755003A58D4 /* extension */ = {
			isa = PBXGroup;
			children = (
				9FA7F3A423156ADA0089A2E8 /* view */,
				9FA7F3A323156AB60089A2E8 /* string */,
				9FA7F39723156A940089A2E8 /* codable */,
				9FA7F37D23156A8D0089A2E8 /* AVPlayerExtension.swift */,
				9FA7F37E23156A8D0089A2E8 /* CGFloatExtension.swift */,
				9FA7F38523156A8E0089A2E8 /* DateExtension.swift */,
				9FA7F38923156A8E0089A2E8 /* DeviceExtension.swift */,
				9FA7F38123156A8E0089A2E8 /* DoubleExtension.swift */,
				9FA7F38023156A8D0089A2E8 /* EncodableExtension.swift */,
				9FA7F37F23156A8D0089A2E8 /* IntExtension.swift */,
				9FA7F38423156A8E0089A2E8 /* UIApplicationExtension.swift */,
				9FA7F38823156A8E0089A2E8 /* URLExtension.swift */,
				9FA7F38623156A8E0089A2E8 /* UserDefaultsExtension.swift */,
			);
			path = extension;
			sourceTree = "<group>";
		};
		9F16A40B230AC33D00466301 /* utils */ = {
			isa = PBXGroup;
			children = (
				9F621A8B2332E3DD00A9BD85 /* NavigationUtils.swift */,
				9FA7F3B523156AFE0089A2E8 /* ClipBoardUtils.swift */,
				9FA7F3B723156AFE0089A2E8 /* Color.swift */,
				9FA7F3B923156AFE0089A2E8 /* CustomUserDefaults.swift */,
				9FA7F3B823156AFE0089A2E8 /* JsonUtils.swift */,
				9FA7F3B623156AFE0089A2E8 /* SystemUtils.swift */,
			);
			path = utils;
			sourceTree = "<group>";
		};
		9F1C5DBE2362062000B48769 /* postingdetail */ = {
			isa = PBXGroup;
			children = (
				9F1C5DC12362064D00B48769 /* rows */,
				9F1C5DC02362064200B48769 /* storyboard */,
				9F1C5DBF2362063B00B48769 /* viewcontroller */,
			);
			path = postingdetail;
			sourceTree = "<group>";
		};
		9F1C5DBF2362063B00B48769 /* viewcontroller */ = {
			isa = PBXGroup;
			children = (
				9F1C5DC42362066F00B48769 /* PostingDetailViewController.swift */,
			);
			path = viewcontroller;
			sourceTree = "<group>";
		};
		9F1C5DC02362064200B48769 /* storyboard */ = {
			isa = PBXGroup;
			children = (
				9F1C5DC22362065F00B48769 /* PostingDetail.storyboard */,
			);
			path = storyboard;
			sourceTree = "<group>";
		};
		9F1C5DC12362064D00B48769 /* rows */ = {
			isa = PBXGroup;
			children = (
				9F9EE85023755E710068C210 /* PostingDetailTitleTableViewCell.swift */,
				9F9EE85223755E800068C210 /* PostingDetailTextTableViewCell.swift */,
				9F9EE85423755E8D0068C210 /* PostingDetailImageTableViewCell.swift */,
				9F9EE85623755EDA0068C210 /* PostingDetailInfoTableViewCell.swift */,
			);
			path = rows;
			sourceTree = "<group>";
		};
		9F1C5DC62362163800B48769 /* rows */ = {
			isa = PBXGroup;
			children = (
				9F9EE84723754A100068C210 /* comment */,
				9F2A2F8F23745C6C007133A7 /* posting */,
				9F1C5DC92362173F00B48769 /* CommonFilterTableViewCell.swift */,
				9F1C5DC72362166000B48769 /* CommonFilterTableViewCell.xib */,
			);
			path = rows;
			sourceTree = "<group>";
		};
		9F2A2F762374493C007133A7 /* dropdownview */ = {
			isa = PBXGroup;
			children = (
				9FD3C8CC237480D800A06AA4 /* rows */,
				9F2A2F7723744970007133A7 /* DropDownView.swift */,
				9FD3C8D12374940200A06AA4 /* DropDownView.xib */,
				9F2A2F8123744B9F007133A7 /* DropDownTitle.swift */,
				9F2A2F8323744BAA007133A7 /* DropDownTitle.xib */,
			);
			path = dropdownview;
			sourceTree = "<group>";
		};
		9F2A2F8023744B8C007133A7 /* views */ = {
			isa = PBXGroup;
			children = (
				9F2A2F762374493C007133A7 /* dropdownview */,
			);
			path = views;
			sourceTree = "<group>";
		};
		9F2A2F8F23745C6C007133A7 /* posting */ = {
			isa = PBXGroup;
			children = (
				9F2A2F87237459D6007133A7 /* PostingTextTableViewCell.swift */,
				9F2A2F89237459E1007133A7 /* PostingTextTableViewCell.xib */,
				9F2A2F8B23745C5F007133A7 /* PostingImageTableViewCell.swift */,
				9F2A2F8D23745C68007133A7 /* PostingImageTableViewCell.xib */,
			);
			path = posting;
			sourceTree = "<group>";
		};
		9F621A5A2332DF7200A9BD85 /* ui */ = {
			isa = PBXGroup;
			children = (
				9F9EE84023753CB50068C210 /* postingwrite */,
				9F1C5DBE2362062000B48769 /* postingdetail */,
				9FA0D35D235EF54900D48226 /* notice */,
				9F621A5B2332DF8300A9BD85 /* launchscreen */,
				9F621A5E2332E0D800A9BD85 /* main */,
			);
			path = ui;
			sourceTree = "<group>";
		};
		9F621A5B2332DF8300A9BD85 /* launchscreen */ = {
			isa = PBXGroup;
			children = (
				9F621A5D2332DF9600A9BD85 /* storyboard */,
				9F621A5C2332DF9200A9BD85 /* viewcontroller */,
			);
			path = launchscreen;
			sourceTree = "<group>";
		};
		9F621A5C2332DF9200A9BD85 /* viewcontroller */ = {
			isa = PBXGroup;
			children = (
				9F621A5F2332E0EA00A9BD85 /* LaunchScreenViewController.swift */,
			);
			path = viewcontroller;
			sourceTree = "<group>";
		};
		9F621A5D2332DF9600A9BD85 /* storyboard */ = {
			isa = PBXGroup;
			children = (
				62AF9CC82306D74F00E3D26B /* LaunchScreen.storyboard */,
			);
			path = storyboard;
			sourceTree = "<group>";
		};
		9F621A5E2332E0D800A9BD85 /* main */ = {
			isa = PBXGroup;
			children = (
				9F621A672332E25000A9BD85 /* tab */,
				9F621A622332E0FE00A9BD85 /* storyboard */,
				9F621A612332E0F700A9BD85 /* viewcontroller */,
			);
			path = main;
			sourceTree = "<group>";
		};
		9F621A612332E0F700A9BD85 /* viewcontroller */ = {
			isa = PBXGroup;
			children = (
				9F621A632332E10900A9BD85 /* MainViewController.swift */,
				9F621A652332E23300A9BD85 /* MainTabBarViewController.swift */,
			);
			path = viewcontroller;
			sourceTree = "<group>";
		};
		9F621A622332E0FE00A9BD85 /* storyboard */ = {
			isa = PBXGroup;
			children = (
				62AF9CC32306D74E00E3D26B /* Main.storyboard */,
			);
			path = storyboard;
			sourceTree = "<group>";
		};
		9F621A672332E25000A9BD85 /* tab */ = {
			isa = PBXGroup;
			children = (
				9F621A6C2332E28300A9BD85 /* home */,
				9F621A6B2332E27F00A9BD85 /* search */,
				9F621A6A2332E27B00A9BD85 /* write */,
				9F621A692332E27600A9BD85 /* bookmark */,
				9F621A682332E26C00A9BD85 /* my */,
			);
			path = tab;
			sourceTree = "<group>";
		};
		9F621A682332E26C00A9BD85 /* my */ = {
			isa = PBXGroup;
			children = (
				9F621A762332E2B600A9BD85 /* storyboard */,
				9F621A752332E2B200A9BD85 /* viewcontroller */,
			);
			path = my;
			sourceTree = "<group>";
		};
		9F621A692332E27600A9BD85 /* bookmark */ = {
			isa = PBXGroup;
			children = (
				9F621A742332E2AE00A9BD85 /* storyboard */,
				9F621A732332E2A900A9BD85 /* viewcontroller */,
			);
			path = bookmark;
			sourceTree = "<group>";
		};
		9F621A6A2332E27B00A9BD85 /* write */ = {
			isa = PBXGroup;
			children = (
				9F621A722332E2A500A9BD85 /* storyboard */,
				9F621A712332E2A000A9BD85 /* viewcontroller */,
			);
			path = write;
			sourceTree = "<group>";
		};
		9F621A6B2332E27F00A9BD85 /* search */ = {
			isa = PBXGroup;
			children = (
				9F621A702332E29B00A9BD85 /* storyboard */,
				9F621A6F2332E29500A9BD85 /* viewcontroller */,
			);
			path = search;
			sourceTree = "<group>";
		};
		9F621A6C2332E28300A9BD85 /* home */ = {
			isa = PBXGroup;
			children = (
				9F81BC7323333093005AF2C4 /* row */,
				9F621A6E2332E28E00A9BD85 /* storyboard */,
				9F621A6D2332E28900A9BD85 /* viewcontroller */,
			);
			path = home;
			sourceTree = "<group>";
		};
		9F621A6D2332E28900A9BD85 /* viewcontroller */ = {
			isa = PBXGroup;
			children = (
				9F621A812332E2FD00A9BD85 /* MainHomeViewController.swift */,
			);
			path = viewcontroller;
			sourceTree = "<group>";
		};
		9F621A6E2332E28E00A9BD85 /* storyboard */ = {
			isa = PBXGroup;
			children = (
				9F621A7F2332E2E700A9BD85 /* MainHome.storyboard */,
			);
			path = storyboard;
			sourceTree = "<group>";
		};
		9F621A6F2332E29500A9BD85 /* viewcontroller */ = {
			isa = PBXGroup;
			children = (
				9F621A832332E30400A9BD85 /* MainSearchViewController.swift */,
			);
			path = viewcontroller;
			sourceTree = "<group>";
		};
		9F621A702332E29B00A9BD85 /* storyboard */ = {
			isa = PBXGroup;
			children = (
				9F621A7D2332E2E000A9BD85 /* MainSearch.storyboard */,
			);
			path = storyboard;
			sourceTree = "<group>";
		};
		9F621A712332E2A000A9BD85 /* viewcontroller */ = {
			isa = PBXGroup;
			children = (
				9F621A852332E30900A9BD85 /* MainWriteViewController.swift */,
			);
			path = viewcontroller;
			sourceTree = "<group>";
		};
		9F621A722332E2A500A9BD85 /* storyboard */ = {
			isa = PBXGroup;
			children = (
				9F621A7B2332E2D900A9BD85 /* MainWrite.storyboard */,
			);
			path = storyboard;
			sourceTree = "<group>";
		};
		9F621A732332E2A900A9BD85 /* viewcontroller */ = {
			isa = PBXGroup;
			children = (
				9F621A872332E31100A9BD85 /* MainBookmarkViewController.swift */,
			);
			path = viewcontroller;
			sourceTree = "<group>";
		};
		9F621A742332E2AE00A9BD85 /* storyboard */ = {
			isa = PBXGroup;
			children = (
				9F621A792332E2D300A9BD85 /* MainBookmark.storyboard */,
			);
			path = storyboard;
			sourceTree = "<group>";
		};
		9F621A752332E2B200A9BD85 /* viewcontroller */ = {
			isa = PBXGroup;
			children = (
				9F621A892332E31900A9BD85 /* MainMyViewController.swift */,
			);
			path = viewcontroller;
			sourceTree = "<group>";
		};
		9F621A762332E2B600A9BD85 /* storyboard */ = {
			isa = PBXGroup;
			children = (
				9F621A772332E2C900A9BD85 /* MainMy.storyboard */,
			);
			path = storyboard;
			sourceTree = "<group>";
		};
		9F81BC7323333093005AF2C4 /* row */ = {
			isa = PBXGroup;
			children = (
				9F81BC74233330A6005AF2C4 /* HomeTopBannerTableViewCell.swift */,
			);
			path = row;
			sourceTree = "<group>";
		};
		9F9EE84023753CB50068C210 /* postingwrite */ = {
			isa = PBXGroup;
			children = (
				9F9EE84223753CC70068C210 /* storyboard */,
				9F9EE84123753CC00068C210 /* viewcontroller */,
			);
			path = postingwrite;
			sourceTree = "<group>";
		};
		9F9EE84123753CC00068C210 /* viewcontroller */ = {
			isa = PBXGroup;
			children = (
				9F9EE84323753CDB0068C210 /* PostingWriteViewController.swift */,
			);
			path = viewcontroller;
			sourceTree = "<group>";
		};
		9F9EE84223753CC70068C210 /* storyboard */ = {
			isa = PBXGroup;
			children = (
				9F9EE84523753CE30068C210 /* PostingWrite.storyboard */,
			);
			path = storyboard;
			sourceTree = "<group>";
		};
		9F9EE84723754A100068C210 /* comment */ = {
			isa = PBXGroup;
			children = (
				9F9EE848237553100068C210 /* CommentTableViewCell.swift */,
				9F9EE84A2375531C0068C210 /* CommentTableViewCell.xib */,
				9F9EE84C2375532B0068C210 /* RecommentTableViewCell.swift */,
				9F9EE84E237553310068C210 /* RecommentTableViewCell.xib */,
			);
			path = comment;
			sourceTree = "<group>";
		};
		9FA0D35D235EF54900D48226 /* notice */ = {
			isa = PBXGroup;
			children = (
				9FA0D368235FA6F500D48226 /* rows */,
				9FA0D35F235EF56E00D48226 /* storyboard */,
				9FA0D35E235EF56200D48226 /* viewcontroller */,
			);
			path = notice;
			sourceTree = "<group>";
		};
		9FA0D35E235EF56200D48226 /* viewcontroller */ = {
			isa = PBXGroup;
			children = (
				9FA0D362235EF8A800D48226 /* NoticeViewController.swift */,
			);
			path = viewcontroller;
			sourceTree = "<group>";
		};
		9FA0D35F235EF56E00D48226 /* storyboard */ = {
			isa = PBXGroup;
			children = (
				9FA0D366235F797100D48226 /* Notice.storyboard */,
			);
			path = storyboard;
			sourceTree = "<group>";
		};
		9FA0D368235FA6F500D48226 /* rows */ = {
			isa = PBXGroup;
			children = (
				9FA0D369235FA71100D48226 /* NoticeHeaderTableViewCell.swift */,
				9FA0D36B235FA73200D48226 /* NoticeTableViewCell.swift */,
			);
			path = rows;
			sourceTree = "<group>";
		};
		9FA7F39723156A940089A2E8 /* codable */ = {
			isa = PBXGroup;
			children = (
				9FA7F39823156A940089A2E8 /* AnyDecodable.swift */,
				9FA7F39923156A940089A2E8 /* AnyCodable.swift */,
				9FA7F39A23156A940089A2E8 /* AnyEncodable.swift */,
			);
			path = codable;
			sourceTree = "<group>";
		};
		9FA7F3A323156AB60089A2E8 /* string */ = {
			isa = PBXGroup;
			children = (
				9FA7F39B23156AA10089A2E8 /* Base62.swift */,
				9FA7F39E23156AA20089A2E8 /* EncodingDecodingExtension.swift */,
				9FA7F39D23156AA10089A2E8 /* FormatExtension.swift */,
				9FA7F39C23156AA10089A2E8 /* StringExtension.swift */,
			);
			path = string;
			sourceTree = "<group>";
		};
		9FA7F3A423156ADA0089A2E8 /* view */ = {
			isa = PBXGroup;
			children = (
				9FA7F3A523156AE80089A2E8 /* AnimationExtension.swift */,
				9FA7F3A723156AE80089A2E8 /* UITableViewExtension.swift */,
				9FA7F3A623156AE80089A2E8 /* ViewExtension.swift */,
			);
			path = view;
			sourceTree = "<group>";
		};
		9FA7F3C123156B1F0089A2E8 /* widget */ = {
			isa = PBXGroup;
			children = (
				9FA7F3C323156B2B0089A2E8 /* TImageView.swift */,
				9FA7F3C223156B2B0089A2E8 /* TLabel.swift */,
				9FA7F3C6231575DF0089A2E8 /* TToast.swift */,
				9FA0D364235EFBFC00D48226 /* TNavigationBar.swift */,
				9FF8D68C2361214000D3D0B2 /* GroundImage.swift */,
			);
			path = widget;
			sourceTree = "<group>";
		};
		9FD3C8CC237480D800A06AA4 /* rows */ = {
			isa = PBXGroup;
			children = (
				9FD3C8CD237480EF00A06AA4 /* DropDownTableViewCell.swift */,
				9F9EE83E237508440068C210 /* DropDownTableViewCell.xib */,
			);
			path = rows;
			sourceTree = "<group>";
		};
		F3909B09F6B1E329E5BA1B41 /* Frameworks */ = {
			isa = PBXGroup;
			children = (
				AA35BA1C6025F2BD8AF3A6DB /* Pods_ground.framework */,
			);
			name = Frameworks;
			sourceTree = "<group>";
		};
/* End PBXGroup section */

/* Begin PBXNativeTarget section */
		62AF9CBB2306D74E00E3D26B /* ground */ = {
			isa = PBXNativeTarget;
			buildConfigurationList = 62AF9CE42306D74F00E3D26B /* Build configuration list for PBXNativeTarget "ground" */;
			buildPhases = (
				44073057AFA66D818BDBC72F /* [CP] Check Pods Manifest.lock */,
				62AF9CB82306D74E00E3D26B /* Sources */,
				62AF9CB92306D74E00E3D26B /* Frameworks */,
				62AF9CBA2306D74E00E3D26B /* Resources */,
				3F1AA1FD99EB36820AE3BF35 /* [CP] Embed Pods Frameworks */,
			);
			buildRules = (
			);
			dependencies = (
			);
			name = ground;
			productName = ground;
			productReference = 62AF9CBC2306D74E00E3D26B /* ground.app */;
			productType = "com.apple.product-type.application";
		};
		62AF9CCF2306D74F00E3D26B /* groundTests */ = {
			isa = PBXNativeTarget;
			buildConfigurationList = 62AF9CE72306D74F00E3D26B /* Build configuration list for PBXNativeTarget "groundTests" */;
			buildPhases = (
				62AF9CCC2306D74F00E3D26B /* Sources */,
				62AF9CCD2306D74F00E3D26B /* Frameworks */,
				62AF9CCE2306D74F00E3D26B /* Resources */,
			);
			buildRules = (
			);
			dependencies = (
				62AF9CD22306D74F00E3D26B /* PBXTargetDependency */,
			);
			name = groundTests;
			productName = groundTests;
			productReference = 62AF9CD02306D74F00E3D26B /* groundTests.xctest */;
			productType = "com.apple.product-type.bundle.unit-test";
		};
		62AF9CDA2306D74F00E3D26B /* groundUITests */ = {
			isa = PBXNativeTarget;
			buildConfigurationList = 62AF9CEA2306D74F00E3D26B /* Build configuration list for PBXNativeTarget "groundUITests" */;
			buildPhases = (
				62AF9CD72306D74F00E3D26B /* Sources */,
				62AF9CD82306D74F00E3D26B /* Frameworks */,
				62AF9CD92306D74F00E3D26B /* Resources */,
			);
			buildRules = (
			);
			dependencies = (
				62AF9CDD2306D74F00E3D26B /* PBXTargetDependency */,
			);
			name = groundUITests;
			productName = groundUITests;
			productReference = 62AF9CDB2306D74F00E3D26B /* groundUITests.xctest */;
			productType = "com.apple.product-type.bundle.ui-testing";
		};
/* End PBXNativeTarget section */

/* Begin PBXProject section */
		62AF9CB42306D74E00E3D26B /* Project object */ = {
			isa = PBXProject;
			attributes = {
				LastSwiftUpdateCheck = 1030;
				LastUpgradeCheck = 1030;
				ORGANIZATIONNAME = WithEver;
				TargetAttributes = {
					62AF9CBB2306D74E00E3D26B = {
						CreatedOnToolsVersion = 10.3;
					};
					62AF9CCF2306D74F00E3D26B = {
						CreatedOnToolsVersion = 10.3;
						TestTargetID = 62AF9CBB2306D74E00E3D26B;
					};
					62AF9CDA2306D74F00E3D26B = {
						CreatedOnToolsVersion = 10.3;
						TestTargetID = 62AF9CBB2306D74E00E3D26B;
					};
				};
			};
			buildConfigurationList = 62AF9CB72306D74E00E3D26B /* Build configuration list for PBXProject "ground" */;
			compatibilityVersion = "Xcode 9.3";
			developmentRegion = en;
			hasScannedForEncodings = 0;
			knownRegions = (
				en,
				Base,
				ko,
			);
			mainGroup = 62AF9CB32306D74E00E3D26B;
			productRefGroup = 62AF9CBD2306D74E00E3D26B /* Products */;
			projectDirPath = "";
			projectRoot = "";
			targets = (
				62AF9CBB2306D74E00E3D26B /* ground */,
				62AF9CCF2306D74F00E3D26B /* groundTests */,
				62AF9CDA2306D74F00E3D26B /* groundUITests */,
			);
		};
/* End PBXProject section */

/* Begin PBXResourcesBuildPhase section */
		62AF9CBA2306D74E00E3D26B /* Resources */ = {
			isa = PBXResourcesBuildPhase;
			buildActionMask = 2147483647;
			files = (
				9F621A802332E2E700A9BD85 /* MainHome.storyboard in Resources */,
				9F133B13230A045D00399304 /* Localizable.strings in Resources */,
				62AF9CCA2306D74F00E3D26B /* LaunchScreen.storyboard in Resources */,
				62AF9CC72306D74F00E3D26B /* Assets.xcassets in Resources */,
				9F1C5DC82362166000B48769 /* CommonFilterTableViewCell.xib in Resources */,
				9F621A782332E2C900A9BD85 /* MainMy.storyboard in Resources */,
				9F9EE83F237508440068C210 /* DropDownTableViewCell.xib in Resources */,
				9F2A2F8A237459E1007133A7 /* PostingTextTableViewCell.xib in Resources */,
				9F9EE84F237553310068C210 /* RecommentTableViewCell.xib in Resources */,
				9F621A7A2332E2D300A9BD85 /* MainBookmark.storyboard in Resources */,
				9F2A2F8423744BAA007133A7 /* DropDownTitle.xib in Resources */,
				62AF9CC52306D74E00E3D26B /* Main.storyboard in Resources */,
				9FD3C8D22374940200A06AA4 /* DropDownView.xib in Resources */,
				9F2A2F8E23745C68007133A7 /* PostingImageTableViewCell.xib in Resources */,
				9F9EE84B2375531C0068C210 /* CommentTableViewCell.xib in Resources */,
				9F621A7E2332E2E000A9BD85 /* MainSearch.storyboard in Resources */,
				9FA0D367235F797100D48226 /* Notice.storyboard in Resources */,
				9F1C5DC32362065F00B48769 /* PostingDetail.storyboard in Resources */,
				9F621A7C2332E2D900A9BD85 /* MainWrite.storyboard in Resources */,
				9F9EE84623753CE30068C210 /* PostingWrite.storyboard in Resources */,
			);
			runOnlyForDeploymentPostprocessing = 0;
		};
		62AF9CCE2306D74F00E3D26B /* Resources */ = {
			isa = PBXResourcesBuildPhase;
			buildActionMask = 2147483647;
			files = (
			);
			runOnlyForDeploymentPostprocessing = 0;
		};
		62AF9CD92306D74F00E3D26B /* Resources */ = {
			isa = PBXResourcesBuildPhase;
			buildActionMask = 2147483647;
			files = (
			);
			runOnlyForDeploymentPostprocessing = 0;
		};
/* End PBXResourcesBuildPhase section */

/* Begin PBXShellScriptBuildPhase section */
		3F1AA1FD99EB36820AE3BF35 /* [CP] Embed Pods Frameworks */ = {
			isa = PBXShellScriptBuildPhase;
			buildActionMask = 2147483647;
			files = (
			);
			inputFileListPaths = (
				"${PODS_ROOT}/Target Support Files/Pods-ground/Pods-ground-frameworks-${CONFIGURATION}-input-files.xcfilelist",
			);
			name = "[CP] Embed Pods Frameworks";
			outputFileListPaths = (
				"${PODS_ROOT}/Target Support Files/Pods-ground/Pods-ground-frameworks-${CONFIGURATION}-output-files.xcfilelist",
			);
			runOnlyForDeploymentPostprocessing = 0;
			shellPath = /bin/sh;
			shellScript = "\"${PODS_ROOT}/Target Support Files/Pods-ground/Pods-ground-frameworks.sh\"\n";
			showEnvVarsInLog = 0;
		};
		44073057AFA66D818BDBC72F /* [CP] Check Pods Manifest.lock */ = {
			isa = PBXShellScriptBuildPhase;
			buildActionMask = 2147483647;
			files = (
			);
			inputFileListPaths = (
			);
			inputPaths = (
				"${PODS_PODFILE_DIR_PATH}/Podfile.lock",
				"${PODS_ROOT}/Manifest.lock",
			);
			name = "[CP] Check Pods Manifest.lock";
			outputFileListPaths = (
			);
			outputPaths = (
				"$(DERIVED_FILE_DIR)/Pods-ground-checkManifestLockResult.txt",
			);
			runOnlyForDeploymentPostprocessing = 0;
			shellPath = /bin/sh;
			shellScript = "diff \"${PODS_PODFILE_DIR_PATH}/Podfile.lock\" \"${PODS_ROOT}/Manifest.lock\" > /dev/null\nif [ $? != 0 ] ; then\n    # print error to STDERR\n    echo \"error: The sandbox is not in sync with the Podfile.lock. Run 'pod install' or update your CocoaPods installation.\" >&2\n    exit 1\nfi\n# This output is used by Xcode 'outputs' to avoid re-running this script phase.\necho \"SUCCESS\" > \"${SCRIPT_OUTPUT_FILE_0}\"\n";
			showEnvVarsInLog = 0;
		};
/* End PBXShellScriptBuildPhase section */

/* Begin PBXSourcesBuildPhase section */
		62AF9CB82306D74E00E3D26B /* Sources */ = {
			isa = PBXSourcesBuildPhase;
			buildActionMask = 2147483647;
			files = (
				9F1C5DC52362066F00B48769 /* PostingDetailViewController.swift in Sources */,
				9FA0D365235EFBFC00D48226 /* TNavigationBar.swift in Sources */,
				9F81BC75233330A6005AF2C4 /* HomeTopBannerTableViewCell.swift in Sources */,
				9FA7F3A823156AE80089A2E8 /* AnimationExtension.swift in Sources */,
				9F2A2F8C23745C5F007133A7 /* PostingImageTableViewCell.swift in Sources */,
				9FA0D363235EF8A800D48226 /* NoticeViewController.swift in Sources */,
				9FA7F3BB23156AFE0089A2E8 /* SystemUtils.swift in Sources */,
				9F621A662332E23300A9BD85 /* MainTabBarViewController.swift in Sources */,
				9FA7F3BD23156AFE0089A2E8 /* JsonUtils.swift in Sources */,
				9FA7F39223156A8E0089A2E8 /* DateExtension.swift in Sources */,
				9FA7F38D23156A8E0089A2E8 /* EncodableExtension.swift in Sources */,
				9F621A602332E0EA00A9BD85 /* LaunchScreenViewController.swift in Sources */,
				9FA7F38A23156A8E0089A2E8 /* AVPlayerExtension.swift in Sources */,
				9FA7F3C423156B2B0089A2E8 /* TLabel.swift in Sources */,
				9FA7F3A123156AA20089A2E8 /* FormatExtension.swift in Sources */,
				9FA7F3A923156AE80089A2E8 /* ViewExtension.swift in Sources */,
				9F2A2F7823744970007133A7 /* DropDownView.swift in Sources */,
				9F0C3DC9230986F6003A58D4 /* BaseViewController.swift in Sources */,
				9F621A8A2332E31900A9BD85 /* MainMyViewController.swift in Sources */,
				9F2A2F88237459D6007133A7 /* PostingTextTableViewCell.swift in Sources */,
				9F9EE84D2375532B0068C210 /* RecommentTableViewCell.swift in Sources */,
				9FF8D68D2361214000D3D0B2 /* GroundImage.swift in Sources */,
				9F9EE85323755E800068C210 /* PostingDetailTextTableViewCell.swift in Sources */,
				9F9EE849237553100068C210 /* CommentTableViewCell.swift in Sources */,
				9FA7F38C23156A8E0089A2E8 /* IntExtension.swift in Sources */,
				9FA7F3BA23156AFE0089A2E8 /* ClipBoardUtils.swift in Sources */,
				9FA7F3BE23156AFE0089A2E8 /* CustomUserDefaults.swift in Sources */,
				9FA7F3C7231575DF0089A2E8 /* TToast.swift in Sources */,
				9FA7F3AA23156AE80089A2E8 /* UITableViewExtension.swift in Sources */,
				9FA7F39623156A8E0089A2E8 /* DeviceExtension.swift in Sources */,
				9FA7F38E23156A8E0089A2E8 /* DoubleExtension.swift in Sources */,
				9FA7F39323156A8E0089A2E8 /* UserDefaultsExtension.swift in Sources */,
				9F9EE85123755E710068C210 /* PostingDetailTitleTableViewCell.swift in Sources */,
				9FA7F38B23156A8E0089A2E8 /* CGFloatExtension.swift in Sources */,
				9FA7F3C523156B2B0089A2E8 /* TImageView.swift in Sources */,
				9FA7F39523156A8E0089A2E8 /* URLExtension.swift in Sources */,
				9F621A842332E30400A9BD85 /* MainSearchViewController.swift in Sources */,
				9F9EE85723755EDA0068C210 /* PostingDetailInfoTableViewCell.swift in Sources */,
				9F621A822332E2FD00A9BD85 /* MainHomeViewController.swift in Sources */,
				9F621A642332E10900A9BD85 /* MainViewController.swift in Sources */,
				9F0C3DC623097974003A58D4 /* DebugMode.swift in Sources */,
				9F9EE85523755E8D0068C210 /* PostingDetailImageTableViewCell.swift in Sources */,
				9FA7F3BC23156AFE0089A2E8 /* Color.swift in Sources */,
				9FA0D36A235FA71100D48226 /* NoticeHeaderTableViewCell.swift in Sources */,
				9F9EE84423753CDB0068C210 /* PostingWriteViewController.swift in Sources */,
				9FA0D36C235FA73200D48226 /* NoticeTableViewCell.swift in Sources */,
				9FA7F39F23156AA20089A2E8 /* EncodingDecodingExtension.swift in Sources */,
				9F621A8C2332E3DD00A9BD85 /* NavigationUtils.swift in Sources */,
				9F0C3DCB2309872C003A58D4 /* BaseTableViewCell.swift in Sources */,
				9FD3C8CE237480EF00A06AA4 /* DropDownTableViewCell.swift in Sources */,
				9F621A862332E30900A9BD85 /* MainWriteViewController.swift in Sources */,
				9FA7F39123156A8E0089A2E8 /* UIApplicationExtension.swift in Sources */,
				9FA7F3A023156AA20089A2E8 /* Base62.swift in Sources */,
				9F1C5DCA2362173F00B48769 /* CommonFilterTableViewCell.swift in Sources */,
				9F621A882332E31100A9BD85 /* MainBookmarkViewController.swift in Sources */,
				9FA7F3A223156AA20089A2E8 /* StringExtension.swift in Sources */,
				9F2A2F8223744B9F007133A7 /* DropDownTitle.swift in Sources */,
				62AF9CC02306D74E00E3D26B /* AppDelegate.swift in Sources */,
			);
			runOnlyForDeploymentPostprocessing = 0;
		};
		62AF9CCC2306D74F00E3D26B /* Sources */ = {
			isa = PBXSourcesBuildPhase;
			buildActionMask = 2147483647;
			files = (
				62AF9CD52306D74F00E3D26B /* groundTests.swift in Sources */,
			);
			runOnlyForDeploymentPostprocessing = 0;
		};
		62AF9CD72306D74F00E3D26B /* Sources */ = {
			isa = PBXSourcesBuildPhase;
			buildActionMask = 2147483647;
			files = (
				62AF9CE02306D74F00E3D26B /* groundUITests.swift in Sources */,
			);
			runOnlyForDeploymentPostprocessing = 0;
		};
/* End PBXSourcesBuildPhase section */

/* Begin PBXTargetDependency section */
		62AF9CD22306D74F00E3D26B /* PBXTargetDependency */ = {
			isa = PBXTargetDependency;
			target = 62AF9CBB2306D74E00E3D26B /* ground */;
			targetProxy = 62AF9CD12306D74F00E3D26B /* PBXContainerItemProxy */;
		};
		62AF9CDD2306D74F00E3D26B /* PBXTargetDependency */ = {
			isa = PBXTargetDependency;
			target = 62AF9CBB2306D74E00E3D26B /* ground */;
			targetProxy = 62AF9CDC2306D74F00E3D26B /* PBXContainerItemProxy */;
		};
/* End PBXTargetDependency section */

/* Begin PBXVariantGroup section */
		62AF9CC32306D74E00E3D26B /* Main.storyboard */ = {
			isa = PBXVariantGroup;
			children = (
				62AF9CC42306D74E00E3D26B /* Base */,
			);
			name = Main.storyboard;
			sourceTree = "<group>";
		};
		62AF9CC82306D74F00E3D26B /* LaunchScreen.storyboard */ = {
			isa = PBXVariantGroup;
			children = (
				62AF9CC92306D74F00E3D26B /* Base */,
			);
			name = LaunchScreen.storyboard;
			sourceTree = "<group>";
		};
		9F133B15230A045D00399304 /* Localizable.strings */ = {
			isa = PBXVariantGroup;
			children = (
				9F133B14230A045D00399304 /* en */,
				9F133B16230A049100399304 /* ko */,
			);
			name = Localizable.strings;
			sourceTree = "<group>";
		};
/* End PBXVariantGroup section */

/* Begin XCBuildConfiguration section */
		62AF9CE22306D74F00E3D26B /* Debug */ = {
			isa = XCBuildConfiguration;
			buildSettings = {
				ALWAYS_SEARCH_USER_PATHS = NO;
				CLANG_ANALYZER_LOCALIZABILITY_NONLOCALIZED = YES;
				CLANG_ANALYZER_NONNULL = YES;
				CLANG_ANALYZER_NUMBER_OBJECT_CONVERSION = YES_AGGRESSIVE;
				CLANG_CXX_LANGUAGE_STANDARD = "gnu++14";
				CLANG_CXX_LIBRARY = "libc++";
				CLANG_ENABLE_MODULES = YES;
				CLANG_ENABLE_OBJC_ARC = YES;
				CLANG_ENABLE_OBJC_WEAK = YES;
				CLANG_WARN_BLOCK_CAPTURE_AUTORELEASING = YES;
				CLANG_WARN_BOOL_CONVERSION = YES;
				CLANG_WARN_COMMA = YES;
				CLANG_WARN_CONSTANT_CONVERSION = YES;
				CLANG_WARN_DEPRECATED_OBJC_IMPLEMENTATIONS = YES;
				CLANG_WARN_DIRECT_OBJC_ISA_USAGE = YES_ERROR;
				CLANG_WARN_DOCUMENTATION_COMMENTS = YES;
				CLANG_WARN_EMPTY_BODY = YES;
				CLANG_WARN_ENUM_CONVERSION = YES;
				CLANG_WARN_INFINITE_RECURSION = YES;
				CLANG_WARN_INT_CONVERSION = YES;
				CLANG_WARN_NON_LITERAL_NULL_CONVERSION = YES;
				CLANG_WARN_OBJC_IMPLICIT_RETAIN_SELF = YES;
				CLANG_WARN_OBJC_LITERAL_CONVERSION = YES;
				CLANG_WARN_OBJC_ROOT_CLASS = YES_ERROR;
				CLANG_WARN_RANGE_LOOP_ANALYSIS = YES;
				CLANG_WARN_STRICT_PROTOTYPES = YES;
				CLANG_WARN_SUSPICIOUS_MOVE = YES;
				CLANG_WARN_UNGUARDED_AVAILABILITY = YES_AGGRESSIVE;
				CLANG_WARN_UNREACHABLE_CODE = YES;
				CLANG_WARN__DUPLICATE_METHOD_MATCH = YES;
				CODE_SIGN_IDENTITY = "iPhone Developer";
				COPY_PHASE_STRIP = NO;
				DEBUG_INFORMATION_FORMAT = dwarf;
				ENABLE_STRICT_OBJC_MSGSEND = YES;
				ENABLE_TESTABILITY = YES;
				GCC_C_LANGUAGE_STANDARD = gnu11;
				GCC_DYNAMIC_NO_PIC = NO;
				GCC_NO_COMMON_BLOCKS = YES;
				GCC_OPTIMIZATION_LEVEL = 0;
				GCC_PREPROCESSOR_DEFINITIONS = (
					"DEBUG=1",
					"$(inherited)",
				);
				GCC_WARN_64_TO_32_BIT_CONVERSION = YES;
				GCC_WARN_ABOUT_RETURN_TYPE = YES_ERROR;
				GCC_WARN_UNDECLARED_SELECTOR = YES;
				GCC_WARN_UNINITIALIZED_AUTOS = YES_AGGRESSIVE;
				GCC_WARN_UNUSED_FUNCTION = YES;
				GCC_WARN_UNUSED_VARIABLE = YES;
				IPHONEOS_DEPLOYMENT_TARGET = 12.4;
				MTL_ENABLE_DEBUG_INFO = INCLUDE_SOURCE;
				MTL_FAST_MATH = YES;
				ONLY_ACTIVE_ARCH = YES;
				SDKROOT = iphoneos;
				SWIFT_ACTIVE_COMPILATION_CONDITIONS = DEBUG;
				SWIFT_OPTIMIZATION_LEVEL = "-Onone";
			};
			name = Debug;
		};
		62AF9CE32306D74F00E3D26B /* Release */ = {
			isa = XCBuildConfiguration;
			buildSettings = {
				ALWAYS_SEARCH_USER_PATHS = NO;
				CLANG_ANALYZER_LOCALIZABILITY_NONLOCALIZED = YES;
				CLANG_ANALYZER_NONNULL = YES;
				CLANG_ANALYZER_NUMBER_OBJECT_CONVERSION = YES_AGGRESSIVE;
				CLANG_CXX_LANGUAGE_STANDARD = "gnu++14";
				CLANG_CXX_LIBRARY = "libc++";
				CLANG_ENABLE_MODULES = YES;
				CLANG_ENABLE_OBJC_ARC = YES;
				CLANG_ENABLE_OBJC_WEAK = YES;
				CLANG_WARN_BLOCK_CAPTURE_AUTORELEASING = YES;
				CLANG_WARN_BOOL_CONVERSION = YES;
				CLANG_WARN_COMMA = YES;
				CLANG_WARN_CONSTANT_CONVERSION = YES;
				CLANG_WARN_DEPRECATED_OBJC_IMPLEMENTATIONS = YES;
				CLANG_WARN_DIRECT_OBJC_ISA_USAGE = YES_ERROR;
				CLANG_WARN_DOCUMENTATION_COMMENTS = YES;
				CLANG_WARN_EMPTY_BODY = YES;
				CLANG_WARN_ENUM_CONVERSION = YES;
				CLANG_WARN_INFINITE_RECURSION = YES;
				CLANG_WARN_INT_CONVERSION = YES;
				CLANG_WARN_NON_LITERAL_NULL_CONVERSION = YES;
				CLANG_WARN_OBJC_IMPLICIT_RETAIN_SELF = YES;
				CLANG_WARN_OBJC_LITERAL_CONVERSION = YES;
				CLANG_WARN_OBJC_ROOT_CLASS = YES_ERROR;
				CLANG_WARN_RANGE_LOOP_ANALYSIS = YES;
				CLANG_WARN_STRICT_PROTOTYPES = YES;
				CLANG_WARN_SUSPICIOUS_MOVE = YES;
				CLANG_WARN_UNGUARDED_AVAILABILITY = YES_AGGRESSIVE;
				CLANG_WARN_UNREACHABLE_CODE = YES;
				CLANG_WARN__DUPLICATE_METHOD_MATCH = YES;
				CODE_SIGN_IDENTITY = "iPhone Developer";
				COPY_PHASE_STRIP = NO;
				DEBUG_INFORMATION_FORMAT = "dwarf-with-dsym";
				ENABLE_NS_ASSERTIONS = NO;
				ENABLE_STRICT_OBJC_MSGSEND = YES;
				GCC_C_LANGUAGE_STANDARD = gnu11;
				GCC_NO_COMMON_BLOCKS = YES;
				GCC_WARN_64_TO_32_BIT_CONVERSION = YES;
				GCC_WARN_ABOUT_RETURN_TYPE = YES_ERROR;
				GCC_WARN_UNDECLARED_SELECTOR = YES;
				GCC_WARN_UNINITIALIZED_AUTOS = YES_AGGRESSIVE;
				GCC_WARN_UNUSED_FUNCTION = YES;
				GCC_WARN_UNUSED_VARIABLE = YES;
				IPHONEOS_DEPLOYMENT_TARGET = 12.4;
				MTL_ENABLE_DEBUG_INFO = NO;
				MTL_FAST_MATH = YES;
				SDKROOT = iphoneos;
				SWIFT_COMPILATION_MODE = wholemodule;
				SWIFT_OPTIMIZATION_LEVEL = "-O";
				VALIDATE_PRODUCT = YES;
			};
			name = Release;
		};
		62AF9CE52306D74F00E3D26B /* Debug */ = {
			isa = XCBuildConfiguration;
			baseConfigurationReference = E30CDC97A1B4709239BDD2C7 /* Pods-ground.debug.xcconfig */;
			buildSettings = {
				ASSETCATALOG_COMPILER_APPICON_NAME = AppIcon;
				CODE_SIGN_STYLE = Automatic;
				INFOPLIST_FILE = "ground/Supporting File/Info.plist";
				LD_RUNPATH_SEARCH_PATHS = (
					"$(inherited)",
					"@executable_path/Frameworks",
				);
				PRODUCT_BUNDLE_IDENTIFIER = com.withever.ground;
				PRODUCT_NAME = "$(TARGET_NAME)";
				SWIFT_VERSION = 5.0;
				TARGETED_DEVICE_FAMILY = 1;
			};
			name = Debug;
		};
		62AF9CE62306D74F00E3D26B /* Release */ = {
			isa = XCBuildConfiguration;
			baseConfigurationReference = A3F14358CF1651F1A5986CA7 /* Pods-ground.release.xcconfig */;
			buildSettings = {
				ASSETCATALOG_COMPILER_APPICON_NAME = AppIcon;
				CODE_SIGN_STYLE = Automatic;
				INFOPLIST_FILE = "ground/Supporting File/Info.plist";
				LD_RUNPATH_SEARCH_PATHS = (
					"$(inherited)",
					"@executable_path/Frameworks",
				);
				PRODUCT_BUNDLE_IDENTIFIER = com.withever.ground;
				PRODUCT_NAME = "$(TARGET_NAME)";
				SWIFT_VERSION = 5.0;
				TARGETED_DEVICE_FAMILY = 1;
			};
			name = Release;
		};
		62AF9CE82306D74F00E3D26B /* Debug */ = {
			isa = XCBuildConfiguration;
			buildSettings = {
				ALWAYS_EMBED_SWIFT_STANDARD_LIBRARIES = YES;
				BUNDLE_LOADER = "$(TEST_HOST)";
				CODE_SIGN_STYLE = Automatic;
				INFOPLIST_FILE = groundTests/Info.plist;
				LD_RUNPATH_SEARCH_PATHS = (
					"$(inherited)",
					"@executable_path/Frameworks",
					"@loader_path/Frameworks",
				);
				PRODUCT_BUNDLE_IDENTIFIER = com.withever.groundTests;
				PRODUCT_NAME = "$(TARGET_NAME)";
				SWIFT_VERSION = 5.0;
				TARGETED_DEVICE_FAMILY = "1,2";
				TEST_HOST = "$(BUILT_PRODUCTS_DIR)/ground.app/ground";
			};
			name = Debug;
		};
		62AF9CE92306D74F00E3D26B /* Release */ = {
			isa = XCBuildConfiguration;
			buildSettings = {
				ALWAYS_EMBED_SWIFT_STANDARD_LIBRARIES = YES;
				BUNDLE_LOADER = "$(TEST_HOST)";
				CODE_SIGN_STYLE = Automatic;
				INFOPLIST_FILE = groundTests/Info.plist;
				LD_RUNPATH_SEARCH_PATHS = (
					"$(inherited)",
					"@executable_path/Frameworks",
					"@loader_path/Frameworks",
				);
				PRODUCT_BUNDLE_IDENTIFIER = com.withever.groundTests;
				PRODUCT_NAME = "$(TARGET_NAME)";
				SWIFT_VERSION = 5.0;
				TARGETED_DEVICE_FAMILY = "1,2";
				TEST_HOST = "$(BUILT_PRODUCTS_DIR)/ground.app/ground";
			};
			name = Release;
		};
		62AF9CEB2306D74F00E3D26B /* Debug */ = {
			isa = XCBuildConfiguration;
			buildSettings = {
				ALWAYS_EMBED_SWIFT_STANDARD_LIBRARIES = YES;
				CODE_SIGN_STYLE = Automatic;
				INFOPLIST_FILE = groundUITests/Info.plist;
				LD_RUNPATH_SEARCH_PATHS = (
					"$(inherited)",
					"@executable_path/Frameworks",
					"@loader_path/Frameworks",
				);
				PRODUCT_BUNDLE_IDENTIFIER = com.withever.groundUITests;
				PRODUCT_NAME = "$(TARGET_NAME)";
				SWIFT_VERSION = 5.0;
				TARGETED_DEVICE_FAMILY = "1,2";
				TEST_TARGET_NAME = ground;
			};
			name = Debug;
		};
		62AF9CEC2306D74F00E3D26B /* Release */ = {
			isa = XCBuildConfiguration;
			buildSettings = {
				ALWAYS_EMBED_SWIFT_STANDARD_LIBRARIES = YES;
				CODE_SIGN_STYLE = Automatic;
				INFOPLIST_FILE = groundUITests/Info.plist;
				LD_RUNPATH_SEARCH_PATHS = (
					"$(inherited)",
					"@executable_path/Frameworks",
					"@loader_path/Frameworks",
				);
				PRODUCT_BUNDLE_IDENTIFIER = com.withever.groundUITests;
				PRODUCT_NAME = "$(TARGET_NAME)";
				SWIFT_VERSION = 5.0;
				TARGETED_DEVICE_FAMILY = "1,2";
				TEST_TARGET_NAME = ground;
			};
			name = Release;
		};
/* End XCBuildConfiguration section */

/* Begin XCConfigurationList section */
		62AF9CB72306D74E00E3D26B /* Build configuration list for PBXProject "ground" */ = {
			isa = XCConfigurationList;
			buildConfigurations = (
				62AF9CE22306D74F00E3D26B /* Debug */,
				62AF9CE32306D74F00E3D26B /* Release */,
			);
			defaultConfigurationIsVisible = 0;
			defaultConfigurationName = Release;
		};
		62AF9CE42306D74F00E3D26B /* Build configuration list for PBXNativeTarget "ground" */ = {
			isa = XCConfigurationList;
			buildConfigurations = (
				62AF9CE52306D74F00E3D26B /* Debug */,
				62AF9CE62306D74F00E3D26B /* Release */,
			);
			defaultConfigurationIsVisible = 0;
			defaultConfigurationName = Release;
		};
		62AF9CE72306D74F00E3D26B /* Build configuration list for PBXNativeTarget "groundTests" */ = {
			isa = XCConfigurationList;
			buildConfigurations = (
				62AF9CE82306D74F00E3D26B /* Debug */,
				62AF9CE92306D74F00E3D26B /* Release */,
			);
			defaultConfigurationIsVisible = 0;
			defaultConfigurationName = Release;
		};
		62AF9CEA2306D74F00E3D26B /* Build configuration list for PBXNativeTarget "groundUITests" */ = {
			isa = XCConfigurationList;
			buildConfigurations = (
				62AF9CEB2306D74F00E3D26B /* Debug */,
				62AF9CEC2306D74F00E3D26B /* Release */,
			);
			defaultConfigurationIsVisible = 0;
			defaultConfigurationName = Release;
		};
/* End XCConfigurationList section */
	};
	rootObject = 62AF9CB42306D74E00E3D26B /* Project object */;
}
